// !$*UTF8*$!
{
	archiveVersion = 1;
	classes = {
	};
	objectVersion = 50;
	objects = {

/* Begin PBXBuildFile section */
		3A5FBD752301BC6100405555 /* NumberTileGameViewController.swift in Sources */ = {isa = PBXBuildFile; fileRef = 3A5FBD742301BC6100405555 /* NumberTileGameViewController.swift */; };
		3A95681722B3B16100B145F0 /* AppDelegate.swift in Sources */ = {isa = PBXBuildFile; fileRef = 3A95681622B3B16100B145F0 /* AppDelegate.swift */; };
		3A95681922B3B16100B145F0 /* ViewController.swift in Sources */ = {isa = PBXBuildFile; fileRef = 3A95681822B3B16100B145F0 /* ViewController.swift */; };
		3A95681C22B3B16100B145F0 /* Main.storyboard in Resources */ = {isa = PBXBuildFile; fileRef = 3A95681A22B3B16100B145F0 /* Main.storyboard */; };
		3A95681E22B3B16200B145F0 /* Assets.xcassets in Resources */ = {isa = PBXBuildFile; fileRef = 3A95681D22B3B16200B145F0 /* Assets.xcassets */; };
		3A95682122B3B16200B145F0 /* LaunchScreen.storyboard in Resources */ = {isa = PBXBuildFile; fileRef = 3A95681F22B3B16200B145F0 /* LaunchScreen.storyboard */; };
		3A95682D22B3B32A00B145F0 /* AppearanceProvider.swift in Sources */ = {isa = PBXBuildFile; fileRef = 3A95682C22B3B32A00B145F0 /* AppearanceProvider.swift */; };
		3A95682F22B3B36100B145F0 /* GameboardView.swift in Sources */ = {isa = PBXBuildFile; fileRef = 3A95682E22B3B36100B145F0 /* GameboardView.swift */; };
		3A95683122B3B37500B145F0 /* TileView.swift in Sources */ = {isa = PBXBuildFile; fileRef = 3A95683022B3B37500B145F0 /* TileView.swift */; };
		3A95683322B3B38800B145F0 /* AccessoryView.swift in Sources */ = {isa = PBXBuildFile; fileRef = 3A95683222B3B38800B145F0 /* AccessoryView.swift */; };
		3A95683522B3B39700B145F0 /* GameModel.swift in Sources */ = {isa = PBXBuildFile; fileRef = 3A95683422B3B39700B145F0 /* GameModel.swift */; };
		3A95683722B3B3B500B145F0 /* AuxiliaryModel.swift in Sources */ = {isa = PBXBuildFile; fileRef = 3A95683622B3B3B500B145F0 /* AuxiliaryModel.swift */; };
/* End PBXBuildFile section */

/* Begin PBXFileReference section */
		3A5FBD742301BC6100405555 /* NumberTileGameViewController.swift */ = {isa = PBXFileReference; lastKnownFileType = sourcecode.swift; path = NumberTileGameViewController.swift; sourceTree = "<group>"; };
		3A95681322B3B16100B145F0 /* 2048.app */ = {isa = PBXFileReference; explicitFileType = wrapper.application; includeInIndex = 0; path = 2048.app; sourceTree = BUILT_PRODUCTS_DIR; };
		3A95681622B3B16100B145F0 /* AppDelegate.swift */ = {isa = PBXFileReference; lastKnownFileType = sourcecode.swift; path = AppDelegate.swift; sourceTree = "<group>"; };
		3A95681822B3B16100B145F0 /* ViewController.swift */ = {isa = PBXFileReference; lastKnownFileType = sourcecode.swift; path = ViewController.swift; sourceTree = "<group>"; };
		3A95681B22B3B16100B145F0 /* Base */ = {isa = PBXFileReference; lastKnownFileType = file.storyboard; name = Base; path = Base.lproj/Main.storyboard; sourceTree = "<group>"; };
		3A95681D22B3B16200B145F0 /* Assets.xcassets */ = {isa = PBXFileReference; lastKnownFileType = folder.assetcatalog; path = Assets.xcassets; sourceTree = "<group>"; };
		3A95682022B3B16200B145F0 /* Base */ = {isa = PBXFileReference; lastKnownFileType = file.storyboard; name = Base; path = Base.lproj/LaunchScreen.storyboard; sourceTree = "<group>"; };
		3A95682222B3B16200B145F0 /* Info.plist */ = {isa = PBXFileReference; lastKnownFileType = text.plist.xml; path = Info.plist; sourceTree = "<group>"; };
		3A95682C22B3B32A00B145F0 /* AppearanceProvider.swift */ = {isa = PBXFileReference; lastKnownFileType = sourcecode.swift; path = AppearanceProvider.swift; sourceTree = "<group>"; };
		3A95682E22B3B36100B145F0 /* GameboardView.swift */ = {isa = PBXFileReference; lastKnownFileType = sourcecode.swift; path = GameboardView.swift; sourceTree = "<group>"; };
		3A95683022B3B37500B145F0 /* TileView.swift */ = {isa = PBXFileReference; lastKnownFileType = sourcecode.swift; path = TileView.swift; sourceTree = "<group>"; };
		3A95683222B3B38800B145F0 /* AccessoryView.swift */ = {isa = PBXFileReference; lastKnownFileType = sourcecode.swift; path = AccessoryView.swift; sourceTree = "<group>"; };
		3A95683422B3B39700B145F0 /* GameModel.swift */ = {isa = PBXFileReference; lastKnownFileType = sourcecode.swift; path = GameModel.swift; sourceTree = "<group>"; };
		3A95683622B3B3B500B145F0 /* AuxiliaryModel.swift */ = {isa = PBXFileReference; lastKnownFileType = sourcecode.swift; path = AuxiliaryModel.swift; sourceTree = "<group>"; };
/* End PBXFileReference section */

/* Begin PBXFrameworksBuildPhase section */
		3A95681022B3B16100B145F0 /* Frameworks */ = {
			isa = PBXFrameworksBuildPhase;
			buildActionMask = 2147483647;
			files = (
			);
			runOnlyForDeploymentPostprocessing = 0;
		};
/* End PBXFrameworksBuildPhase section */

/* Begin PBXGroup section */
		3A95680A22B3B16100B145F0 = {
			isa = PBXGroup;
			children = (
				3A95681522B3B16100B145F0 /* 2048 */,
				3A95681422B3B16100B145F0 /* Products */,
			);
			sourceTree = "<group>";
		};
		3A95681422B3B16100B145F0 /* Products */ = {
			isa = PBXGroup;
			children = (
				3A95681322B3B16100B145F0 /* 2048.app */,
			);
			name = Products;
			sourceTree = "<group>";
		};
		3A95681522B3B16100B145F0 /* 2048 */ = {
			isa = PBXGroup;
			children = (
				3A95682922B3B1E500B145F0 /* Assets */,
				3A95682222B3B16200B145F0 /* Info.plist */,
				3A95683A22B3B3F300B145F0 /* Game */,
				3A95683822B3B3C800B145F0 /* Views */,
				3A95683922B3B3DC00B145F0 /* Models */,
			);
			path = 2048;
			sourceTree = "<group>";
		};
		3A95682922B3B1E500B145F0 /* Assets */ = {
			isa = PBXGroup;
			children = (
				3A95681822B3B16100B145F0 /* ViewController.swift */,
				3A95681622B3B16100B145F0 /* AppDelegate.swift */,
				3A95681A22B3B16100B145F0 /* Main.storyboard */,
				3A95681D22B3B16200B145F0 /* Assets.xcassets */,
				3A95681F22B3B16200B145F0 /* LaunchScreen.storyboard */,
			);
			path = Assets;
			sourceTree = "<group>";
		};
		3A95683822B3B3C800B145F0 /* Views */ = {
			isa = PBXGroup;
			children = (
				3A95682E22B3B36100B145F0 /* GameboardView.swift */,
				3A95683022B3B37500B145F0 /* TileView.swift */,
				3A95683222B3B38800B145F0 /* AccessoryView.swift */,
			);
			path = Views;
			sourceTree = "<group>";
		};
		3A95683922B3B3DC00B145F0 /* Models */ = {
			isa = PBXGroup;
			children = (
				3A95683422B3B39700B145F0 /* GameModel.swift */,
				3A95683622B3B3B500B145F0 /* AuxiliaryModel.swift */,
			);
			path = Models;
			sourceTree = "<group>";
		};
		3A95683A22B3B3F300B145F0 /* Game */ = {
			isa = PBXGroup;
			children = (
				3A95682C22B3B32A00B145F0 /* AppearanceProvider.swift */,
				3A5FBD742301BC6100405555 /* NumberTileGameViewController.swift */,
			);
			path = Game;
			sourceTree = "<group>";
		};
/* End PBXGroup section */

/* Begin PBXNativeTarget section */
		3A95681222B3B16100B145F0 /* 2048 */ = {
			isa = PBXNativeTarget;
			buildConfigurationList = 3A95682522B3B16200B145F0 /* Build configuration list for PBXNativeTarget "2048" */;
			buildPhases = (
				3A95680F22B3B16100B145F0 /* Sources */,
				3A95681022B3B16100B145F0 /* Frameworks */,
				3A95681122B3B16100B145F0 /* Resources */,
			);
			buildRules = (
			);
			dependencies = (
			);
			name = 2048;
			productName = 2048;
			productReference = 3A95681322B3B16100B145F0 /* 2048.app */;
			productType = "com.apple.product-type.application";
		};
/* End PBXNativeTarget section */

/* Begin PBXProject section */
		3A95680B22B3B16100B145F0 /* Project object */ = {
			isa = PBXProject;
			attributes = {
				LastSwiftUpdateCheck = 1020;
				LastUpgradeCheck = 1020;
				ORGANIZATIONNAME = "Александр Дергилёв";
				TargetAttributes = {
					3A95681222B3B16100B145F0 = {
						CreatedOnToolsVersion = 10.2.1;
					};
				};
			};
			buildConfigurationList = 3A95680E22B3B16100B145F0 /* Build configuration list for PBXProject "2048" */;
			compatibilityVersion = "Xcode 9.3";
			developmentRegion = en;
			hasScannedForEncodings = 0;
			knownRegions = (
				en,
				Base,
			);
			mainGroup = 3A95680A22B3B16100B145F0;
			productRefGroup = 3A95681422B3B16100B145F0 /* Products */;
			projectDirPath = "";
			projectRoot = "";
			targets = (
				3A95681222B3B16100B145F0 /* 2048 */,
			);
		};
/* End PBXProject section */

/* Begin PBXResourcesBuildPhase section */
		3A95681122B3B16100B145F0 /* Resources */ = {
			isa = PBXResourcesBuildPhase;
			buildActionMask = 2147483647;
			files = (
				3A95682122B3B16200B145F0 /* LaunchScreen.storyboard in Resources */,
				3A95681E22B3B16200B145F0 /* Assets.xcassets in Resources */,
				3A95681C22B3B16100B145F0 /* Main.storyboard in Resources */,
			);
			runOnlyForDeploymentPostprocessing = 0;
		};
/* End PBXResourcesBuildPhase section */

/* Begin PBXSourcesBuildPhase section */
		3A95680F22B3B16100B145F0 /* Sources */ = {
			isa = PBXSourcesBuildPhase;
			buildActionMask = 2147483647;
			files = (
				3A5FBD752301BC6100405555 /* NumberTileGameViewController.swift in Sources */,
				3A95681922B3B16100B145F0 /* ViewController.swift in Sources */,
				3A95683322B3B38800B145F0 /* AccessoryView.swift in Sources */,
				3A95683722B3B3B500B145F0 /* AuxiliaryModel.swift in Sources */,
				3A95682F22B3B36100B145F0 /* GameboardView.swift in Sources */,
				3A95683122B3B37500B145F0 /* TileView.swift in Sources */,
				3A95683522B3B39700B145F0 /* GameModel.swift in Sources */,
				3A95681722B3B16100B145F0 /* AppDelegate.swift in Sources */,
				3A95682D22B3B32A00B145F0 /* AppearanceProvider.swift in Sources */,
			);
			runOnlyForDeploymentPostprocessing = 0;
		};
/* End PBXSourcesBuildPhase section */

/* Begin PBXVariantGroup section */
		3A95681A22B3B16100B145F0 /* Main.storyboard */ = {
			isa = PBXVariantGroup;
			children = (
				3A95681B22B3B16100B145F0 /* Base */,
			);
			name = Main.storyboard;
			sourceTree = "<group>";
		};
		3A95681F22B3B16200B145F0 /* LaunchScreen.storyboard */ = {
			isa = PBXVariantGroup;
			children = (
				3A95682022B3B16200B145F0 /* Base */,
			);
			name = LaunchScreen.storyboard;
			sourceTree = "<group>";
		};
/* End PBXVariantGroup section */

/* Begin XCBuildConfiguration section */
		3A95682322B3B16200B145F0 /* Debug */ = {
			isa = XCBuildConfiguration;
			buildSettings = {
				ALWAYS_SEARCH_USER_PATHS = NO;
				CLANG_ANALYZER_NONNULL = YES;
				CLANG_ANALYZER_NUMBER_OBJECT_CONVERSION = YES_AGGRESSIVE;
				CLANG_CXX_LANGUAGE_STANDARD = "gnu++14";
				CLANG_CXX_LIBRARY = "libc++";
				CLANG_ENABLE_MODULES = YES;
				CLANG_ENABLE_OBJC_ARC = YES;
				CLANG_ENABLE_OBJC_WEAK = YES;
				CLANG_WARN_BLOCK_CAPTURE_AUTORELEASING = YES;
				CLANG_WARN_BOOL_CONVERSION = YES;
				CLANG_WARN_COMMA = YES;
				CLANG_WARN_CONSTANT_CONVERSION = YES;
				CLANG_WARN_DEPRECATED_OBJC_IMPLEMENTATIONS = YES;
				CLANG_WARN_DIRECT_OBJC_ISA_USAGE = YES_ERROR;
				CLANG_WARN_DOCUMENTATION_COMMENTS = YES;
				CLANG_WARN_EMPTY_BODY = YES;
				CLANG_WARN_ENUM_CONVERSION = YES;
				CLANG_WARN_INFINITE_RECURSION = YES;
				CLANG_WARN_INT_CONVERSION = YES;
				CLANG_WARN_NON_LITERAL_NULL_CONVERSION = YES;
				CLANG_WARN_OBJC_IMPLICIT_RETAIN_SELF = YES;
				CLANG_WARN_OBJC_LITERAL_CONVERSION = YES;
				CLANG_WARN_OBJC_ROOT_CLASS = YES_ERROR;
				CLANG_WARN_RANGE_LOOP_ANALYSIS = YES;
				CLANG_WARN_STRICT_PROTOTYPES = YES;
				CLANG_WARN_SUSPICIOUS_MOVE = YES;
				CLANG_WARN_UNGUARDED_AVAILABILITY = YES_AGGRESSIVE;
				CLANG_WARN_UNREACHABLE_CODE = YES;
				CLANG_WARN__DUPLICATE_METHOD_MATCH = YES;
				CODE_SIGN_IDENTITY = "iPhone Developer";
				COPY_PHASE_STRIP = NO;
				DEBUG_INFORMATION_FORMAT = dwarf;
				ENABLE_STRICT_OBJC_MSGSEND = YES;
				ENABLE_TESTABILITY = YES;
				GCC_C_LANGUAGE_STANDARD = gnu11;
				GCC_DYNAMIC_NO_PIC = NO;
				GCC_NO_COMMON_BLOCKS = YES;
				GCC_OPTIMIZATION_LEVEL = 0;
				GCC_PREPROCESSOR_DEFINITIONS = (
					"DEBUG=1",
					"$(inherited)",
				);
				GCC_WARN_64_TO_32_BIT_CONVERSION = YES;
				GCC_WARN_ABOUT_RETURN_TYPE = YES_ERROR;
				GCC_WARN_UNDECLARED_SELECTOR = YES;
				GCC_WARN_UNINITIALIZED_AUTOS = YES_AGGRESSIVE;
				GCC_WARN_UNUSED_FUNCTION = YES;
				GCC_WARN_UNUSED_VARIABLE = YES;
				IPHONEOS_DEPLOYMENT_TARGET = 12.2;
				MTL_ENABLE_DEBUG_INFO = INCLUDE_SOURCE;
				MTL_FAST_MATH = YES;
				ONLY_ACTIVE_ARCH = YES;
				SDKROOT = iphoneos;
				SWIFT_ACTIVE_COMPILATION_CONDITIONS = DEBUG;
				SWIFT_OPTIMIZATION_LEVEL = "-Onone";
			};
			name = Debug;
		};
		3A95682422B3B16200B145F0 /* Release */ = {
			isa = XCBuildConfiguration;
			buildSettings = {
				ALWAYS_SEARCH_USER_PATHS = NO;
				CLANG_ANALYZER_NONNULL = YES;
				CLANG_ANALYZER_NUMBER_OBJECT_CONVERSION = YES_AGGRESSIVE;
				CLANG_CXX_LANGUAGE_STANDARD = "gnu++14";
				CLANG_CXX_LIBRARY = "libc++";
				CLANG_ENABLE_MODULES = YES;
				CLANG_ENABLE_OBJC_ARC = YES;
				CLANG_ENABLE_OBJC_WEAK = YES;
				CLANG_WARN_BLOCK_CAPTURE_AUTORELEASING = YES;
				CLANG_WARN_BOOL_CONVERSION = YES;
				CLANG_WARN_COMMA = YES;
				CLANG_WARN_CONSTANT_CONVERSION = YES;
				CLANG_WARN_DEPRECATED_OBJC_IMPLEMENTATIONS = YES;
				CLANG_WARN_DIRECT_OBJC_ISA_USAGE = YES_ERROR;
				CLANG_WARN_DOCUMENTATION_COMMENTS = YES;
				CLANG_WARN_EMPTY_BODY = YES;
				CLANG_WARN_ENUM_CONVERSION = YES;
				CLANG_WARN_INFINITE_RECURSION = YES;
				CLANG_WARN_INT_CONVERSION = YES;
				CLANG_WARN_NON_LITERAL_NULL_CONVERSION = YES;
				CLANG_WARN_OBJC_IMPLICIT_RETAIN_SELF = YES;
				CLANG_WARN_OBJC_LITERAL_CONVERSION = YES;
				CLANG_WARN_OBJC_ROOT_CLASS = YES_ERROR;
				CLANG_WARN_RANGE_LOOP_ANALYSIS = YES;
				CLANG_WARN_STRICT_PROTOTYPES = YES;
				CLANG_WARN_SUSPICIOUS_MOVE = YES;
				CLANG_WARN_UNGUARDED_AVAILABILITY = YES_AGGRESSIVE;
				CLANG_WARN_UNREACHABLE_CODE = YES;
				CLANG_WARN__DUPLICATE_METHOD_MATCH = YES;
				CODE_SIGN_IDENTITY = "iPhone Developer";
				COPY_PHASE_STRIP = NO;
				DEBUG_INFORMATION_FORMAT = "dwarf-with-dsym";
				ENABLE_NS_ASSERTIONS = NO;
				ENABLE_STRICT_OBJC_MSGSEND = YES;
				GCC_C_LANGUAGE_STANDARD = gnu11;
				GCC_NO_COMMON_BLOCKS = YES;
				GCC_WARN_64_TO_32_BIT_CONVERSION = YES;
				GCC_WARN_ABOUT_RETURN_TYPE = YES_ERROR;
				GCC_WARN_UNDECLARED_SELECTOR = YES;
				GCC_WARN_UNINITIALIZED_AUTOS = YES_AGGRESSIVE;
				GCC_WARN_UNUSED_FUNCTION = YES;
				GCC_WARN_UNUSED_VARIABLE = YES;
				IPHONEOS_DEPLOYMENT_TARGET = 12.2;
				MTL_ENABLE_DEBUG_INFO = NO;
				MTL_FAST_MATH = YES;
				SDKROOT = iphoneos;
				SWIFT_COMPILATION_MODE = wholemodule;
				SWIFT_OPTIMIZATION_LEVEL = "-O";
				VALIDATE_PRODUCT = YES;
			};
			name = Release;
		};
		3A95682622B3B16200B145F0 /* Debug */ = {
			isa = XCBuildConfiguration;
			buildSettings = {
				ASSETCATALOG_COMPILER_APPICON_NAME = AppIcon;
				CODE_SIGN_STYLE = Automatic;
				DEVELOPMENT_TEAM = ZDR42PTGTK;
				INFOPLIST_FILE = 2048/Info.plist;
				LD_RUNPATH_SEARCH_PATHS = (
					"$(inherited)",
					"@executable_path/Frameworks",
				);
				PRODUCT_BUNDLE_IDENTIFIER = "mycompany.-048";
				PRODUCT_NAME = "$(TARGET_NAME)";
				SWIFT_VERSION = 5.0;
				TARGETED_DEVICE_FAMILY = "1,2";
			};
			name = Debug;
		};
		3A95682722B3B16200B145F0 /* Release */ = {
			isa = XCBuildConfiguration;
			buildSettings = {
				ASSETCATALOG_COMPILER_APPICON_NAME = AppIcon;
				CODE_SIGN_STYLE = Automatic;
				DEVELOPMENT_TEAM = ZDR42PTGTK;
				INFOPLIST_FILE = 2048/Info.plist;
				LD_RUNPATH_SEARCH_PATHS = (
					"$(inherited)",
					"@executable_path/Frameworks",
				);
				PRODUCT_BUNDLE_IDENTIFIER = "mycompany.-048";
				PRODUCT_NAME = "$(TARGET_NAME)";
				SWIFT_VERSION = 5.0;
				TARGETED_DEVICE_FAMILY = "1,2";
			};
			name = Release;
		};
/* End XCBuildConfiguration section */

/* Begin XCConfigurationList section */
		3A95680E22B3B16100B145F0 /* Build configuration list for PBXProject "2048" */ = {
			isa = XCConfigurationList;
			buildConfigurations = (
				3A95682322B3B16200B145F0 /* Debug */,
				3A95682422B3B16200B145F0 /* Release */,
			);
			defaultConfigurationIsVisible = 0;
			defaultConfigurationName = Release;
		};
		3A95682522B3B16200B145F0 /* Build configuration list for PBXNativeTarget "2048" */ = {
			isa = XCConfigurationList;
			buildConfigurations = (
				3A95682622B3B16200B145F0 /* Debug */,
				3A95682722B3B16200B145F0 /* Release */,
			);
			defaultConfigurationIsVisible = 0;
			defaultConfigurationName = Release;
		};
/* End XCConfigurationList section */
	};
	rootObject = 3A95680B22B3B16100B145F0 /* Project object */;
}
